
Microsoft Visual Studio Solution File, Format Version 12.00
# Visual Studio Version 17
VisualStudioVersion = 17.8.34525.116
MinimumVisualStudioVersion = 10.0.40219.1
Project("{9A19103F-16F7-4668-BE54-9A1E7A4F7556}") = "dierentuinn", "Dierentuinn/dierentuinn.csproj", "{B339E56B-5C4A-4F3F-902A-41AFE82D91C8}"
EndProject
Project("{FAE04EC0-301F-11D3-BF4B-00C04F79EFBC}") = "TestProject1", "TestProject1\TestProject1.csproj", "{84579680-7DF7-417D-B499-E408F6613005}"
EndProject
Global
	GlobalSection(SolutionConfigurationPlatforms) = preSolution
		Debug|Any CPU = Debug|Any CPU
		Release|Any CPU = Release|Any CPU
	EndGlobalSection
	GlobalSection(ProjectConfigurationPlatforms) = postSolution
		{B339E56B-5C4A-4F3F-902A-41AFE82D91C8}.Debug|Any CPU.ActiveCfg = Debug|Any CPU
		{B339E56B-5C4A-4F3F-902A-41AFE82D91C8}.Debug|Any CPU.Build.0 = Debug|Any CPU
		{B339E56B-5C4A-4F3F-902A-41AFE82D91C8}.Release|Any CPU.ActiveCfg = Release|Any CPU
		{B339E56B-5C4A-4F3F-902A-41AFE82D91C8}.Release|Any CPU.Build.0 = Release|Any CPU
		{84579680-7DF7-417D-B499-E408F6613005}.Debug|Any CPU.ActiveCfg = Debug|Any CPU
		{84579680-7DF7-417D-B499-E408F6613005}.Debug|Any CPU.Build.0 = Debug|Any CPU
		{84579680-7DF7-417D-B499-E408F6613005}.Release|Any CPU.ActiveCfg = Release|Any CPU
		{84579680-7DF7-417D-B499-E408F6613005}.Release|Any CPU.Build.0 = Release|Any CPU
	EndGlobalSection
	GlobalSection(SolutionProperties) = preSolution
		HideSolutionNode = FALSE
	EndGlobalSection
	GlobalSection(ExtensibilityGlobals) = postSolution
		SolutionGuid = {AB729C3E-FAB9-4CCB-9590-83E3803EBE8B}
	EndGlobalSection
EndGlobal
